NeoBundleLock lightline.vim 6e25afeda10e4865b6d10d149d8b448b1235a129
NeoBundleLock neocomplete.vim 2d3f68c5de640dd1cb6d6ceb3442015a18e90604
NeoBundleLock neosnippet 044c9cb8ca46a5e27eec37198990c26fe707b02a
NeoBundleLock neosnippet-snippets 96e29dea7aa86f0997a313b0d6cc889bd467a444
NeoBundleLock unite.vim 2126a2203ed1678c4904fa8dc06622b46c3503eb
NeoBundleLock vim-colors-solarized 528a59f26d12278698bb946f8fb82a63711eec21
NeoBundleLock vim-quickhl 239d9edf6d2d250b4be2511a15fcec077e10314f
NeoBundleLock yaml.vim 7df61101e7aadaac7f4301f1e05d65dbc430d420
