NeoBundleLock lightline.vim de6a9187a4ebe30f3f1b85cff44417909897de88
NeoBundleLock neocomplete.vim 7f30d3335712d122f25b28ca7be0175286a81416
NeoBundleLock neosnippet 02176938f751e20a3a794e836aaba14e11eba34e
NeoBundleLock neosnippet-snippets 42e81d1409fd08a3acec8c82c8480880338e4808
NeoBundleLock open-browser.vim e17535850b8096b79907df9059fb43c51448f038
NeoBundleLock previm b130f24277e3c6a5afa3984921516b0a83b31d28
NeoBundleLock sudo.vim 060f0250d6f399d1cf9b15eaad3d55b3fbad4b0d
NeoBundleLock syntastic 48736aa376341518d7bedf3a39daf0ae9e1dcdc0
NeoBundleLock unite.vim f376de838a46c4848a81a2e95ebc4116732b1fef
NeoBundleLock vim-coffee-script 32fe889b8cafd3a4921ef8e6485156453ff58c42
NeoBundleLock vim-colors-solarized 528a59f26d12278698bb946f8fb82a63711eec21
NeoBundleLock vim-fugitive d854197c03c0b027cca41abf86a5557c5473b82f
NeoBundleLock vim-gitgutter 1aed46c072fd9bd00650474e89f0e4d3a483dad8
NeoBundleLock vim-markdown bd875ab511fafa4504f36852a42927ef9c0e1fd1
NeoBundleLock vim-quickhl 239d9edf6d2d250b4be2511a15fcec077e10314f
NeoBundleLock vim-ruby 5b526fa7924fbbdd579cf3bc080d03f752d5584c
NeoBundleLock vim-slim 0daaa8581f9a9968cebbc7d14ae9acf1625c0389
NeoBundleLock vimproc.vim f96e476e41ab4cdb9c37242c8cf76f1e5aa5b91d
NeoBundleLock winresizer 1d1f7658e694f349486b0b3948b207fd50920729
NeoBundleLock yaml.vim 7df61101e7aadaac7f4301f1e05d65dbc430d420
