NeoBundleLock lightline.vim 47a9f8776f84385273db1c7b0e73e3881c0a5073
NeoBundleLock neocomplete.vim a3b87cc446f321de4be35f21fef46634f7043169
NeoBundleLock neosnippet b214f7e3fd4a88651df4d4c979199bb068c51292
NeoBundleLock neosnippet-snippets 0dd4b86088c9162492411d4ec40a64fe369c4396
NeoBundleLock open-browser.vim e17535850b8096b79907df9059fb43c51448f038
NeoBundleLock previm b130f24277e3c6a5afa3984921516b0a83b31d28
NeoBundleLock sudo.vim 060f0250d6f399d1cf9b15eaad3d55b3fbad4b0d
NeoBundleLock syntastic 11ca31582ccffdd533f14f4320f0389df0e27e15
NeoBundleLock unite.vim be0aeaa200a5fcd4eba160aaef56c28123e8700c
NeoBundleLock vim-colors-solarized 528a59f26d12278698bb946f8fb82a63711eec21
NeoBundleLock vim-fugitive dba8a0705d95cda76d599bb7d09964d67741a5c5
NeoBundleLock vim-gitgutter b18e23cdfa082dee7da8a2466db5a66907491e5b
NeoBundleLock vim-markdown 8a709ef28a77629b11769c703c4864133d658947
NeoBundleLock vim-quickhl 239d9edf6d2d250b4be2511a15fcec077e10314f
NeoBundleLock vim-slim 38e8615f7118c904d8cd38042f72c54d181ebe6c
NeoBundleLock winresizer 1d1f7658e694f349486b0b3948b207fd50920729
NeoBundleLock yaml.vim 7df61101e7aadaac7f4301f1e05d65dbc430d420
